
Microsoft Visual Studio Solution File, Format Version 12.00
# Visual Studio Version 16
VisualStudioVersion = 16.0.30907.101
MinimumVisualStudioVersion = 10.0.40219.1
Project("{FAE04EC0-301F-11D3-BF4B-00C04F79EFBC}") = "AlgoNFTMinter", "AlgoNFTMinter\AlgoNFTMinter.csproj", "{B40D4D22-C1EA-429C-A307-B653ABB233A5}"
EndProject
Global
	GlobalSection(SolutionConfigurationPlatforms) = preSolution
		Debug|Any CPU = Debug|Any CPU
		Release|Any CPU = Release|Any CPU
	EndGlobalSection
	GlobalSection(ProjectConfigurationPlatforms) = postSolution
		{B40D4D22-C1EA-429C-A307-B653ABB233A5}.Debug|Any CPU.ActiveCfg = Debug|Any CPU
		{B40D4D22-C1EA-429C-A307-B653ABB233A5}.Debug|Any CPU.Build.0 = Debug|Any CPU
		{B40D4D22-C1EA-429C-A307-B653ABB233A5}.Release|Any CPU.ActiveCfg = Release|Any CPU
		{B40D4D22-C1EA-429C-A307-B653ABB233A5}.Release|Any CPU.Build.0 = Release|Any CPU
	EndGlobalSection
	GlobalSection(SolutionProperties) = preSolution
		HideSolutionNode = FALSE
	EndGlobalSection
	GlobalSection(ExtensibilityGlobals) = postSolution
		SolutionGuid = {32733184-6D53-4AC4-93EB-6E9697175B0D}
	EndGlobalSection
EndGlobal
